version = 1
revision = 3
requires-python = ">=3.12"

[[package]]
name = "cardealerdp"
version = "1.0.0"
source = { editable = "." }
dependencies = [
    { name = "dplib" },
]

[package.metadata]
requires-dist = [{ name = "dplib", specifier = ">=1.1" }]

[[package]]
name = "dplib"
version = "1.5"
source = { registry = "https://pypi.org/simple" }
sdist = { url = "https://files.pythonhosted.org/packages/a7/aa/01594392934dc0279501a462476961e7f379aa57c9836f7d6846b00d71cc/DPLib-1.5.tar.gz", hash = "sha256:d965f682890731252ac5a68f204b3d255f8abff5ac8cc7c6380f18ee80e9cc6e", size = 13030, upload-time = "2018-05-18T18:16:31.528Z" }
